
Microsoft Visual Studio Solution File, Format Version 12.00
# Visual Studio Version 17
VisualStudioVersion = 17.14.36915.13 d17.14
MinimumVisualStudioVersion = 10.0.40219.1
Project("{FAE04EC0-301F-11D3-BF4B-00C04F79EFBC}") = "Carola.EntityLayer", "Carola.EntityLayer\Carola.EntityLayer.csproj", "{BA2864A6-CD1B-4426-9245-54585B1BD82B}"
EndProject
Project("{FAE04EC0-301F-11D3-BF4B-00C04F79EFBC}") = "Carola.DataAccesLayer", "Carola.DataAccesLayer\Carola.DataAccesLayer.csproj", "{35CB600A-5104-43A8-B4AC-8E3C5B45CFE0}"
EndProject
Project("{FAE04EC0-301F-11D3-BF4B-00C04F79EFBC}") = "Carola.BusinessLayer", "Carola.BusinessLayer\Carola.BusinessLayer.csproj", "{E61C8082-DEEB-4E76-B9E9-33B37F4B54AC}"
EndProject
Project("{FAE04EC0-301F-11D3-BF4B-00C04F79EFBC}") = "Carola.WebUI", "Carola.WebUI\Carola.WebUI.csproj", "{DCA41B95-D201-4FE3-B396-F65D693327E9}"
EndProject
Global
	GlobalSection(SolutionConfigurationPlatforms) = preSolution
		Debug|Any CPU = Debug|Any CPU
		Release|Any CPU = Release|Any CPU
	EndGlobalSection
	GlobalSection(ProjectConfigurationPlatforms) = postSolution
		{BA2864A6-CD1B-4426-9245-54585B1BD82B}.Debug|Any CPU.ActiveCfg = Debug|Any CPU
		{BA2864A6-CD1B-4426-9245-54585B1BD82B}.Debug|Any CPU.Build.0 = Debug|Any CPU
		{BA2864A6-CD1B-4426-9245-54585B1BD82B}.Release|Any CPU.ActiveCfg = Release|Any CPU
		{BA2864A6-CD1B-4426-9245-54585B1BD82B}.Release|Any CPU.Build.0 = Release|Any CPU
		{35CB600A-5104-43A8-B4AC-8E3C5B45CFE0}.Debug|Any CPU.ActiveCfg = Debug|Any CPU
		{35CB600A-5104-43A8-B4AC-8E3C5B45CFE0}.Debug|Any CPU.Build.0 = Debug|Any CPU
		{35CB600A-5104-43A8-B4AC-8E3C5B45CFE0}.Release|Any CPU.ActiveCfg = Release|Any CPU
		{35CB600A-5104-43A8-B4AC-8E3C5B45CFE0}.Release|Any CPU.Build.0 = Release|Any CPU
		{E61C8082-DEEB-4E76-B9E9-33B37F4B54AC}.Debug|Any CPU.ActiveCfg = Debug|Any CPU
		{E61C8082-DEEB-4E76-B9E9-33B37F4B54AC}.Debug|Any CPU.Build.0 = Debug|Any CPU
		{E61C8082-DEEB-4E76-B9E9-33B37F4B54AC}.Release|Any CPU.ActiveCfg = Release|Any CPU
		{E61C8082-DEEB-4E76-B9E9-33B37F4B54AC}.Release|Any CPU.Build.0 = Release|Any CPU
		{DCA41B95-D201-4FE3-B396-F65D693327E9}.Debug|Any CPU.ActiveCfg = Debug|Any CPU
		{DCA41B95-D201-4FE3-B396-F65D693327E9}.Debug|Any CPU.Build.0 = Debug|Any CPU
		{DCA41B95-D201-4FE3-B396-F65D693327E9}.Release|Any CPU.ActiveCfg = Release|Any CPU
		{DCA41B95-D201-4FE3-B396-F65D693327E9}.Release|Any CPU.Build.0 = Release|Any CPU
	EndGlobalSection
	GlobalSection(SolutionProperties) = preSolution
		HideSolutionNode = FALSE
	EndGlobalSection
	GlobalSection(ExtensibilityGlobals) = postSolution
		SolutionGuid = {F6AB200C-B76D-47CC-91B6-415308C38029}
	EndGlobalSection
EndGlobal
